
Microsoft Visual Studio Solution File, Format Version 12.00
# Visual Studio Version 17
VisualStudioVersion = 17.1.32228.430
MinimumVisualStudioVersion = 10.0.40219.1
Project("{FAE04EC0-301F-11D3-BF4B-00C04F79EFBC}") = "Project2Backend", "Project2Backend.csproj", "{AE4789E9-0BBC-464A-9570-526D13746C20}"
EndProject
Global
	GlobalSection(SolutionConfigurationPlatforms) = preSolution
		Debug|Any CPU = Debug|Any CPU
		Release|Any CPU = Release|Any CPU
	EndGlobalSection
	GlobalSection(ProjectConfigurationPlatforms) = postSolution
		{AE4789E9-0BBC-464A-9570-526D13746C20}.Debug|Any CPU.ActiveCfg = Debug|Any CPU
		{AE4789E9-0BBC-464A-9570-526D13746C20}.Debug|Any CPU.Build.0 = Debug|Any CPU
		{AE4789E9-0BBC-464A-9570-526D13746C20}.Release|Any CPU.ActiveCfg = Release|Any CPU
		{AE4789E9-0BBC-464A-9570-526D13746C20}.Release|Any CPU.Build.0 = Release|Any CPU
	EndGlobalSection
	GlobalSection(SolutionProperties) = preSolution
		HideSolutionNode = FALSE
	EndGlobalSection
	GlobalSection(ExtensibilityGlobals) = postSolution
		SolutionGuid = {6E230312-CC25-46D3-B514-73187457C30F}
	EndGlobalSection
EndGlobal
